
Microsoft Visual Studio Solution File, Format Version 11.00
# Visual Studio 2010
Project("{8BC9CEB8-8B4A-11D0-8D11-00A0C91BC942}") = "sw", "sw\sw.vcxproj", "{AFDA67E6-CF53-4A81-9787-8ED9CCB3DB93}"
EndProject
Global
	GlobalSection(SolutionConfigurationPlatforms) = preSolution
		Debug|Win32 = Debug|Win32
		Release|Win32 = Release|Win32
	EndGlobalSection
	GlobalSection(ProjectConfigurationPlatforms) = postSolution
		{AFDA67E6-CF53-4A81-9787-8ED9CCB3DB93}.Debug|Win32.ActiveCfg = Debug|Win32
		{AFDA67E6-CF53-4A81-9787-8ED9CCB3DB93}.Debug|Win32.Build.0 = Debug|Win32
		{AFDA67E6-CF53-4A81-9787-8ED9CCB3DB93}.Release|Win32.ActiveCfg = Release|Win32
		{AFDA67E6-CF53-4A81-9787-8ED9CCB3DB93}.Release|Win32.Build.0 = Release|Win32
	EndGlobalSection
	GlobalSection(SolutionProperties) = preSolution
		HideSolutionNode = FALSE
	EndGlobalSection
EndGlobal
